
Microsoft Visual Studio Solution File, Format Version 12.00
# Visual Studio Version 17
VisualStudioVersion = 17.0.31808.319
MinimumVisualStudioVersion = 10.0.40219.1
Project("{FAE04EC0-301F-11D3-BF4B-00C04F79EFBC}") = "Pregunta01", "Pregunta01.csproj", "{C275975F-291F-4C29-B3AB-73C52B3308A0}"
EndProject
Global
	GlobalSection(SolutionConfigurationPlatforms) = preSolution
		Debug|Any CPU = Debug|Any CPU
		Release|Any CPU = Release|Any CPU
	EndGlobalSection
	GlobalSection(ProjectConfigurationPlatforms) = postSolution
		{C275975F-291F-4C29-B3AB-73C52B3308A0}.Debug|Any CPU.ActiveCfg = Debug|Any CPU
		{C275975F-291F-4C29-B3AB-73C52B3308A0}.Debug|Any CPU.Build.0 = Debug|Any CPU
		{C275975F-291F-4C29-B3AB-73C52B3308A0}.Release|Any CPU.ActiveCfg = Release|Any CPU
		{C275975F-291F-4C29-B3AB-73C52B3308A0}.Release|Any CPU.Build.0 = Release|Any CPU
	EndGlobalSection
	GlobalSection(SolutionProperties) = preSolution
		HideSolutionNode = FALSE
	EndGlobalSection
	GlobalSection(ExtensibilityGlobals) = postSolution
		SolutionGuid = {F74BC9E6-49DE-4AD1-8F87-B806F0382058}
	EndGlobalSection
EndGlobal
